// !$*UTF8*$!
{
	archiveVersion = 1;
	classes = {
	};
	objectVersion = 50;
	objects = {

/* Begin PBXBuildFile section */
		5503A9872109E8E00052DBDD /* AppDelegate.swift in Sources */ = {isa = PBXBuildFile; fileRef = 5503A9862109E8E00052DBDD /* AppDelegate.swift */; };
		5503A98E2109E8E10052DBDD /* Assets.xcassets in Resources */ = {isa = PBXBuildFile; fileRef = 5503A98D2109E8E10052DBDD /* Assets.xcassets */; };
		5503A9912109E8E10052DBDD /* LaunchScreen.storyboard in Resources */ = {isa = PBXBuildFile; fileRef = 5503A98F2109E8E10052DBDD /* LaunchScreen.storyboard */; };
		5503A9B02109EE4A0052DBDD /* RemoteAPI.swift in Sources */ = {isa = PBXBuildFile; fileRef = 5503A99C2109EE490052DBDD /* RemoteAPI.swift */; };
		5503A9B12109EE4A0052DBDD /* AppState.swift in Sources */ = {isa = PBXBuildFile; fileRef = 5503A99E2109EE490052DBDD /* AppState.swift */; };
		5503A9B22109EE4A0052DBDD /* AppReducer.swift in Sources */ = {isa = PBXBuildFile; fileRef = 5503A99F2109EE490052DBDD /* AppReducer.swift */; };
		5503A9B32109EE4A0052DBDD /* DependencyContainer.swift in Sources */ = {isa = PBXBuildFile; fileRef = 5503A9A32109EE490052DBDD /* DependencyContainer.swift */; };
		5503A9B42109EE4A0052DBDD /* DependencyProvider.swift in Sources */ = {isa = PBXBuildFile; fileRef = 5503A9A42109EE490052DBDD /* DependencyProvider.swift */; };
		5503A9B52109EE4A0052DBDD /* RxStoreSubscriber.swift in Sources */ = {isa = PBXBuildFile; fileRef = 5503A9A82109EE490052DBDD /* RxStoreSubscriber.swift */; };
		5503A9B62109EE4A0052DBDD /* Store+Extensions.swift in Sources */ = {isa = PBXBuildFile; fileRef = 5503A9AA2109EE4A0052DBDD /* Store+Extensions.swift */; };
		5503A9B72109EE4A0052DBDD /* UseCase.swift in Sources */ = {isa = PBXBuildFile; fileRef = 5503A9AC2109EE4A0052DBDD /* UseCase.swift */; };
		5503A9B82109EE4A0052DBDD /* View.swift in Sources */ = {isa = PBXBuildFile; fileRef = 5503A9AE2109EE4A0052DBDD /* View.swift */; };
		5503A9B92109EE4A0052DBDD /* Presenter.swift in Sources */ = {isa = PBXBuildFile; fileRef = 5503A9AF2109EE4A0052DBDD /* Presenter.swift */; };
		555B4EF42111D36400ED45A5 /* PaginationInfo.swift in Sources */ = {isa = PBXBuildFile; fileRef = 555B4EF32111D36400ED45A5 /* PaginationInfo.swift */; };
		555B4EF92111FD2F00ED45A5 /* CharacterDetailPresenter.swift in Sources */ = {isa = PBXBuildFile; fileRef = 555B4EF52111FD2F00ED45A5 /* CharacterDetailPresenter.swift */; };
		555B4EFA2111FD2F00ED45A5 /* CharacterDetailViewController.swift in Sources */ = {isa = PBXBuildFile; fileRef = 555B4EF62111FD2F00ED45A5 /* CharacterDetailViewController.swift */; };
		555B4EFB2111FD2F00ED45A5 /* CharacterDetailView.swift in Sources */ = {isa = PBXBuildFile; fileRef = 555B4EF72111FD2F00ED45A5 /* CharacterDetailView.swift */; };
		555B4EFC2111FD2F00ED45A5 /* CharacterDetailViewController.xib in Resources */ = {isa = PBXBuildFile; fileRef = 555B4EF82111FD2F00ED45A5 /* CharacterDetailViewController.xib */; };
		555B4F002111FD6B00ED45A5 /* CharacterDetailViewState.swift in Sources */ = {isa = PBXBuildFile; fileRef = 555B4EFF2111FD6B00ED45A5 /* CharacterDetailViewState.swift */; };
		555B4F022111FE2700ED45A5 /* CharacterDetailViewControllerFactory.swift in Sources */ = {isa = PBXBuildFile; fileRef = 555B4F012111FE2700ED45A5 /* CharacterDetailViewControllerFactory.swift */; };
		555B4F042112041B00ED45A5 /* LoadCharacterDetailsUseCase.swift in Sources */ = {isa = PBXBuildFile; fileRef = 555B4F032112041B00ED45A5 /* LoadCharacterDetailsUseCase.swift */; };
		555B4F0621120B6A00ED45A5 /* LoadCharacterDetailsUseCaseFactory.swift in Sources */ = {isa = PBXBuildFile; fileRef = 555B4F0521120B6A00ED45A5 /* LoadCharacterDetailsUseCaseFactory.swift */; };
		555B4F082112F78700ED45A5 /* CharacterDetailAction.swift in Sources */ = {isa = PBXBuildFile; fileRef = 555B4F072112F78700ED45A5 /* CharacterDetailAction.swift */; };
		555FD4E0211088A4006892E6 /* CharacterListPresenter.swift in Sources */ = {isa = PBXBuildFile; fileRef = 555FD4DC211088A4006892E6 /* CharacterListPresenter.swift */; };
		555FD4E1211088A4006892E6 /* CharacterListViewController.swift in Sources */ = {isa = PBXBuildFile; fileRef = 555FD4DD211088A4006892E6 /* CharacterListViewController.swift */; };
		555FD4E2211088A4006892E6 /* CharacterListView.swift in Sources */ = {isa = PBXBuildFile; fileRef = 555FD4DE211088A4006892E6 /* CharacterListView.swift */; };
		555FD4E3211088A4006892E6 /* CharacterListViewController.xib in Resources */ = {isa = PBXBuildFile; fileRef = 555FD4DF211088A4006892E6 /* CharacterListViewController.xib */; };
		555FD4E721108A93006892E6 /* CharacterDependencyProvider.swift in Sources */ = {isa = PBXBuildFile; fileRef = 555FD4E621108A93006892E6 /* CharacterDependencyProvider.swift */; };
		555FD4E921108B9F006892E6 /* CharacterDependencyContainer.swift in Sources */ = {isa = PBXBuildFile; fileRef = 555FD4E821108B9F006892E6 /* CharacterDependencyContainer.swift */; };
		555FD4F82110A891006892E6 /* CharacterListState.swift in Sources */ = {isa = PBXBuildFile; fileRef = 555FD4F72110A891006892E6 /* CharacterListState.swift */; };
		555FD4FA2110A8E5006892E6 /* Character.swift in Sources */ = {isa = PBXBuildFile; fileRef = 555FD4F92110A8E5006892E6 /* Character.swift */; };
		555FD4FC2110A940006892E6 /* LoadCharactersUseCase.swift in Sources */ = {isa = PBXBuildFile; fileRef = 555FD4FB2110A940006892E6 /* LoadCharactersUseCase.swift */; };
		555FD5002110AABE006892E6 /* Route.swift in Sources */ = {isa = PBXBuildFile; fileRef = 555FD4FD2110AABD006892E6 /* Route.swift */; };
		555FD5012110AABE006892E6 /* ResponseMapper.swift in Sources */ = {isa = PBXBuildFile; fileRef = 555FD4FE2110AABE006892E6 /* ResponseMapper.swift */; };
		555FD5022110AABE006892E6 /* Requestable.swift in Sources */ = {isa = PBXBuildFile; fileRef = 555FD4FF2110AABE006892E6 /* Requestable.swift */; };
		555FD5042110AFBA006892E6 /* CharacterListAction.swift in Sources */ = {isa = PBXBuildFile; fileRef = 555FD5032110AFBA006892E6 /* CharacterListAction.swift */; };
		555FD5072110B343006892E6 /* CharacterListResponse.swift in Sources */ = {isa = PBXBuildFile; fileRef = 555FD5062110B343006892E6 /* CharacterListResponse.swift */; };
		555FD5092110B65B006892E6 /* LoadCharactersUseCaseFactory.swift in Sources */ = {isa = PBXBuildFile; fileRef = 555FD5082110B65B006892E6 /* LoadCharactersUseCaseFactory.swift */; };
		555FD50B2110B820006892E6 /* CharacterListViewControllerFactory.swift in Sources */ = {isa = PBXBuildFile; fileRef = 555FD50A2110B820006892E6 /* CharacterListViewControllerFactory.swift */; };
		55735A0F210A16B400E03A6B /* StartUpViewControllerFactory.swift in Sources */ = {isa = PBXBuildFile; fileRef = 55735A0E210A16B400E03A6B /* StartUpViewControllerFactory.swift */; };
		55735A2D210B0E2500E03A6B /* StartUpPresenter.swift in Sources */ = {isa = PBXBuildFile; fileRef = 55735A29210B0E2500E03A6B /* StartUpPresenter.swift */; };
		55735A2E210B0E2500E03A6B /* StartUpViewController.swift in Sources */ = {isa = PBXBuildFile; fileRef = 55735A2A210B0E2500E03A6B /* StartUpViewController.swift */; };
		55735A2F210B0E2500E03A6B /* StartUpView.swift in Sources */ = {isa = PBXBuildFile; fileRef = 55735A2B210B0E2500E03A6B /* StartUpView.swift */; };
		55735A30210B0E2500E03A6B /* StartUpViewController.xib in Resources */ = {isa = PBXBuildFile; fileRef = 55735A2C210B0E2500E03A6B /* StartUpViewController.xib */; };
		55735A33210B100C00E03A6B /* StartUpState.swift in Sources */ = {isa = PBXBuildFile; fileRef = 55735A32210B100C00E03A6B /* StartUpState.swift */; };
		55735A37210B3B8C00E03A6B /* StartUpUseCase.swift in Sources */ = {isa = PBXBuildFile; fileRef = 55735A36210B3B8C00E03A6B /* StartUpUseCase.swift */; };
		55735A39210B3BDD00E03A6B /* StartUpUseCaseFactory.swift in Sources */ = {isa = PBXBuildFile; fileRef = 55735A38210B3BDD00E03A6B /* StartUpUseCaseFactory.swift */; };
		55735A3B210B403400E03A6B /* LoaderViewable.swift in Sources */ = {isa = PBXBuildFile; fileRef = 55735A3A210B403400E03A6B /* LoaderViewable.swift */; };
		55735A40210B42AF00E03A6B /* StartUpActions.swift in Sources */ = {isa = PBXBuildFile; fileRef = 55735A3F210B42AF00E03A6B /* StartUpActions.swift */; };
		55735A44210B480D00E03A6B /* OnboardingDependencyProvider.swift in Sources */ = {isa = PBXBuildFile; fileRef = 55735A43210B480D00E03A6B /* OnboardingDependencyProvider.swift */; };
		55735A46210B481F00E03A6B /* OnboardingDependencyContainer.swift in Sources */ = {isa = PBXBuildFile; fileRef = 55735A45210B481F00E03A6B /* OnboardingDependencyContainer.swift */; };
		55735A48210B495C00E03A6B /* OnboardingViewControllerFactory.swift in Sources */ = {isa = PBXBuildFile; fileRef = 55735A47210B495C00E03A6B /* OnboardingViewControllerFactory.swift */; };
		55735A4E210B584100E03A6B /* OnboardingPresenter.swift in Sources */ = {isa = PBXBuildFile; fileRef = 55735A4A210B584100E03A6B /* OnboardingPresenter.swift */; };
		55735A4F210B584100E03A6B /* OnboardingViewController.swift in Sources */ = {isa = PBXBuildFile; fileRef = 55735A4B210B584100E03A6B /* OnboardingViewController.swift */; };
		55735A50210B584100E03A6B /* OnboardingView.swift in Sources */ = {isa = PBXBuildFile; fileRef = 55735A4C210B584100E03A6B /* OnboardingView.swift */; };
		55735A51210B584100E03A6B /* OnboardingViewController.xib in Resources */ = {isa = PBXBuildFile; fileRef = 55735A4D210B584100E03A6B /* OnboardingViewController.xib */; };
		55735A54210B5C8000E03A6B /* CompleteOnboardingUseCase.swift in Sources */ = {isa = PBXBuildFile; fileRef = 55735A53210B5C8000E03A6B /* CompleteOnboardingUseCase.swift */; };
		55735A56210B5CA600E03A6B /* OnboardingActions.swift in Sources */ = {isa = PBXBuildFile; fileRef = 55735A55210B5CA600E03A6B /* OnboardingActions.swift */; };
		55735A58210B5CF500E03A6B /* OnboardingUseCaseFactory.swift in Sources */ = {isa = PBXBuildFile; fileRef = 55735A57210B5CF500E03A6B /* OnboardingUseCaseFactory.swift */; };
		55735A5A210F057700E03A6B /* OnboardingState.swift in Sources */ = {isa = PBXBuildFile; fileRef = 55735A59210F057700E03A6B /* OnboardingState.swift */; };
		55735A5C210F157F00E03A6B /* DismissableView.swift in Sources */ = {isa = PBXBuildFile; fileRef = 55735A5B210F157F00E03A6B /* DismissableView.swift */; };
		55735A60210F330B00E03A6B /* ActionDispatcher.swift in Sources */ = {isa = PBXBuildFile; fileRef = 55735A5F210F330B00E03A6B /* ActionDispatcher.swift */; };
		55735A64210F482600E03A6B /* UserDefaults+Extensions.swift in Sources */ = {isa = PBXBuildFile; fileRef = 55735A63210F482600E03A6B /* UserDefaults+Extensions.swift */; };
		55735A66210F4AE500E03A6B /* UIColor+Extensions.swift in Sources */ = {isa = PBXBuildFile; fileRef = 55735A65210F4AE500E03A6B /* UIColor+Extensions.swift */; };
		A81036D6319E2A8F1BBE23EE /* Pods_RePlay.framework in Frameworks */ = {isa = PBXBuildFile; fileRef = 927301453B7CC72EFBDDCBAF /* Pods_RePlay.framework */; };
/* End PBXBuildFile section */

/* Begin PBXFileReference section */
		17C32310A7D4E62F07996182 /* Pods-RePlay.debug.xcconfig */ = {isa = PBXFileReference; includeInIndex = 1; lastKnownFileType = text.xcconfig; name = "Pods-RePlay.debug.xcconfig"; path = "Pods/Target Support Files/Pods-RePlay/Pods-RePlay.debug.xcconfig"; sourceTree = "<group>"; };
		5503A9832109E8E00052DBDD /* RePlay.app */ = {isa = PBXFileReference; explicitFileType = wrapper.application; includeInIndex = 0; path = RePlay.app; sourceTree = BUILT_PRODUCTS_DIR; };
		5503A9862109E8E00052DBDD /* AppDelegate.swift */ = {isa = PBXFileReference; lastKnownFileType = sourcecode.swift; path = AppDelegate.swift; sourceTree = "<group>"; };
		5503A98D2109E8E10052DBDD /* Assets.xcassets */ = {isa = PBXFileReference; lastKnownFileType = folder.assetcatalog; path = Assets.xcassets; sourceTree = "<group>"; };
		5503A9902109E8E10052DBDD /* Base */ = {isa = PBXFileReference; lastKnownFileType = file.storyboard; name = Base; path = Base.lproj/LaunchScreen.storyboard; sourceTree = "<group>"; };
		5503A9922109E8E10052DBDD /* Info.plist */ = {isa = PBXFileReference; lastKnownFileType = text.plist.xml; path = Info.plist; sourceTree = "<group>"; };
		5503A99C2109EE490052DBDD /* RemoteAPI.swift */ = {isa = PBXFileReference; fileEncoding = 4; lastKnownFileType = sourcecode.swift; path = RemoteAPI.swift; sourceTree = "<group>"; };
		5503A99E2109EE490052DBDD /* AppState.swift */ = {isa = PBXFileReference; fileEncoding = 4; lastKnownFileType = sourcecode.swift; path = AppState.swift; sourceTree = "<group>"; };
		5503A99F2109EE490052DBDD /* AppReducer.swift */ = {isa = PBXFileReference; fileEncoding = 4; lastKnownFileType = sourcecode.swift; path = AppReducer.swift; sourceTree = "<group>"; };
		5503A9A32109EE490052DBDD /* DependencyContainer.swift */ = {isa = PBXFileReference; fileEncoding = 4; lastKnownFileType = sourcecode.swift; path = DependencyContainer.swift; sourceTree = "<group>"; };
		5503A9A42109EE490052DBDD /* DependencyProvider.swift */ = {isa = PBXFileReference; fileEncoding = 4; lastKnownFileType = sourcecode.swift; path = DependencyProvider.swift; sourceTree = "<group>"; };
		5503A9A82109EE490052DBDD /* RxStoreSubscriber.swift */ = {isa = PBXFileReference; fileEncoding = 4; lastKnownFileType = sourcecode.swift; path = RxStoreSubscriber.swift; sourceTree = "<group>"; };
		5503A9AA2109EE4A0052DBDD /* Store+Extensions.swift */ = {isa = PBXFileReference; fileEncoding = 4; lastKnownFileType = sourcecode.swift; path = "Store+Extensions.swift"; sourceTree = "<group>"; };
		5503A9AC2109EE4A0052DBDD /* UseCase.swift */ = {isa = PBXFileReference; fileEncoding = 4; lastKnownFileType = sourcecode.swift; path = UseCase.swift; sourceTree = "<group>"; };
		5503A9AE2109EE4A0052DBDD /* View.swift */ = {isa = PBXFileReference; fileEncoding = 4; lastKnownFileType = sourcecode.swift; path = View.swift; sourceTree = "<group>"; };
		5503A9AF2109EE4A0052DBDD /* Presenter.swift */ = {isa = PBXFileReference; fileEncoding = 4; lastKnownFileType = sourcecode.swift; path = Presenter.swift; sourceTree = "<group>"; };
		555B4EF32111D36400ED45A5 /* PaginationInfo.swift */ = {isa = PBXFileReference; lastKnownFileType = sourcecode.swift; path = PaginationInfo.swift; sourceTree = "<group>"; };
		555B4EF52111FD2F00ED45A5 /* CharacterDetailPresenter.swift */ = {isa = PBXFileReference; lastKnownFileType = sourcecode.swift; path = CharacterDetailPresenter.swift; sourceTree = "<group>"; };
		555B4EF62111FD2F00ED45A5 /* CharacterDetailViewController.swift */ = {isa = PBXFileReference; lastKnownFileType = sourcecode.swift; path = CharacterDetailViewController.swift; sourceTree = "<group>"; };
		555B4EF72111FD2F00ED45A5 /* CharacterDetailView.swift */ = {isa = PBXFileReference; lastKnownFileType = sourcecode.swift; path = CharacterDetailView.swift; sourceTree = "<group>"; };
		555B4EF82111FD2F00ED45A5 /* CharacterDetailViewController.xib */ = {isa = PBXFileReference; lastKnownFileType = file.xib; path = CharacterDetailViewController.xib; sourceTree = "<group>"; };
		555B4EFF2111FD6B00ED45A5 /* CharacterDetailViewState.swift */ = {isa = PBXFileReference; lastKnownFileType = sourcecode.swift; path = CharacterDetailViewState.swift; sourceTree = "<group>"; };
		555B4F012111FE2700ED45A5 /* CharacterDetailViewControllerFactory.swift */ = {isa = PBXFileReference; lastKnownFileType = sourcecode.swift; path = CharacterDetailViewControllerFactory.swift; sourceTree = "<group>"; };
		555B4F032112041B00ED45A5 /* LoadCharacterDetailsUseCase.swift */ = {isa = PBXFileReference; lastKnownFileType = sourcecode.swift; path = LoadCharacterDetailsUseCase.swift; sourceTree = "<group>"; };
		555B4F0521120B6A00ED45A5 /* LoadCharacterDetailsUseCaseFactory.swift */ = {isa = PBXFileReference; lastKnownFileType = sourcecode.swift; path = LoadCharacterDetailsUseCaseFactory.swift; sourceTree = "<group>"; };
		555B4F072112F78700ED45A5 /* CharacterDetailAction.swift */ = {isa = PBXFileReference; lastKnownFileType = sourcecode.swift; path = CharacterDetailAction.swift; sourceTree = "<group>"; };
		555FD4DC211088A4006892E6 /* CharacterListPresenter.swift */ = {isa = PBXFileReference; lastKnownFileType = sourcecode.swift; path = CharacterListPresenter.swift; sourceTree = "<group>"; };
		555FD4DD211088A4006892E6 /* CharacterListViewController.swift */ = {isa = PBXFileReference; lastKnownFileType = sourcecode.swift; path = CharacterListViewController.swift; sourceTree = "<group>"; };
		555FD4DE211088A4006892E6 /* CharacterListView.swift */ = {isa = PBXFileReference; lastKnownFileType = sourcecode.swift; path = CharacterListView.swift; sourceTree = "<group>"; };
		555FD4DF211088A4006892E6 /* CharacterListViewController.xib */ = {isa = PBXFileReference; lastKnownFileType = file.xib; path = CharacterListViewController.xib; sourceTree = "<group>"; };
		555FD4E621108A93006892E6 /* CharacterDependencyProvider.swift */ = {isa = PBXFileReference; lastKnownFileType = sourcecode.swift; path = CharacterDependencyProvider.swift; sourceTree = "<group>"; };
		555FD4E821108B9F006892E6 /* CharacterDependencyContainer.swift */ = {isa = PBXFileReference; lastKnownFileType = sourcecode.swift; path = CharacterDependencyContainer.swift; sourceTree = "<group>"; };
		555FD4F72110A891006892E6 /* CharacterListState.swift */ = {isa = PBXFileReference; lastKnownFileType = sourcecode.swift; path = CharacterListState.swift; sourceTree = "<group>"; };
		555FD4F92110A8E5006892E6 /* Character.swift */ = {isa = PBXFileReference; lastKnownFileType = sourcecode.swift; path = Character.swift; sourceTree = "<group>"; };
		555FD4FB2110A940006892E6 /* LoadCharactersUseCase.swift */ = {isa = PBXFileReference; lastKnownFileType = sourcecode.swift; path = LoadCharactersUseCase.swift; sourceTree = "<group>"; };
		555FD4FD2110AABD006892E6 /* Route.swift */ = {isa = PBXFileReference; fileEncoding = 4; lastKnownFileType = sourcecode.swift; path = Route.swift; sourceTree = "<group>"; };
		555FD4FE2110AABE006892E6 /* ResponseMapper.swift */ = {isa = PBXFileReference; fileEncoding = 4; lastKnownFileType = sourcecode.swift; path = ResponseMapper.swift; sourceTree = "<group>"; };
		555FD4FF2110AABE006892E6 /* Requestable.swift */ = {isa = PBXFileReference; fileEncoding = 4; lastKnownFileType = sourcecode.swift; path = Requestable.swift; sourceTree = "<group>"; };
		555FD5032110AFBA006892E6 /* CharacterListAction.swift */ = {isa = PBXFileReference; lastKnownFileType = sourcecode.swift; path = CharacterListAction.swift; sourceTree = "<group>"; };
		555FD5062110B343006892E6 /* CharacterListResponse.swift */ = {isa = PBXFileReference; lastKnownFileType = sourcecode.swift; path = CharacterListResponse.swift; sourceTree = "<group>"; };
		555FD5082110B65B006892E6 /* LoadCharactersUseCaseFactory.swift */ = {isa = PBXFileReference; lastKnownFileType = sourcecode.swift; path = LoadCharactersUseCaseFactory.swift; sourceTree = "<group>"; };
		555FD50A2110B820006892E6 /* CharacterListViewControllerFactory.swift */ = {isa = PBXFileReference; lastKnownFileType = sourcecode.swift; path = CharacterListViewControllerFactory.swift; sourceTree = "<group>"; };
		55735A0E210A16B400E03A6B /* StartUpViewControllerFactory.swift */ = {isa = PBXFileReference; lastKnownFileType = sourcecode.swift; path = StartUpViewControllerFactory.swift; sourceTree = "<group>"; };
		55735A29210B0E2500E03A6B /* StartUpPresenter.swift */ = {isa = PBXFileReference; lastKnownFileType = sourcecode.swift; path = StartUpPresenter.swift; sourceTree = "<group>"; };
		55735A2A210B0E2500E03A6B /* StartUpViewController.swift */ = {isa = PBXFileReference; lastKnownFileType = sourcecode.swift; path = StartUpViewController.swift; sourceTree = "<group>"; };
		55735A2B210B0E2500E03A6B /* StartUpView.swift */ = {isa = PBXFileReference; lastKnownFileType = sourcecode.swift; path = StartUpView.swift; sourceTree = "<group>"; };
		55735A2C210B0E2500E03A6B /* StartUpViewController.xib */ = {isa = PBXFileReference; lastKnownFileType = file.xib; path = StartUpViewController.xib; sourceTree = "<group>"; };
		55735A32210B100C00E03A6B /* StartUpState.swift */ = {isa = PBXFileReference; lastKnownFileType = sourcecode.swift; path = StartUpState.swift; sourceTree = "<group>"; };
		55735A36210B3B8C00E03A6B /* StartUpUseCase.swift */ = {isa = PBXFileReference; lastKnownFileType = sourcecode.swift; path = StartUpUseCase.swift; sourceTree = "<group>"; };
		55735A38210B3BDD00E03A6B /* StartUpUseCaseFactory.swift */ = {isa = PBXFileReference; lastKnownFileType = sourcecode.swift; path = StartUpUseCaseFactory.swift; sourceTree = "<group>"; };
		55735A3A210B403400E03A6B /* LoaderViewable.swift */ = {isa = PBXFileReference; lastKnownFileType = sourcecode.swift; path = LoaderViewable.swift; sourceTree = "<group>"; };
		55735A3F210B42AF00E03A6B /* StartUpActions.swift */ = {isa = PBXFileReference; lastKnownFileType = sourcecode.swift; path = StartUpActions.swift; sourceTree = "<group>"; };
		55735A43210B480D00E03A6B /* OnboardingDependencyProvider.swift */ = {isa = PBXFileReference; lastKnownFileType = sourcecode.swift; path = OnboardingDependencyProvider.swift; sourceTree = "<group>"; };
		55735A45210B481F00E03A6B /* OnboardingDependencyContainer.swift */ = {isa = PBXFileReference; lastKnownFileType = sourcecode.swift; path = OnboardingDependencyContainer.swift; sourceTree = "<group>"; };
		55735A47210B495C00E03A6B /* OnboardingViewControllerFactory.swift */ = {isa = PBXFileReference; lastKnownFileType = sourcecode.swift; path = OnboardingViewControllerFactory.swift; sourceTree = "<group>"; };
		55735A4A210B584100E03A6B /* OnboardingPresenter.swift */ = {isa = PBXFileReference; lastKnownFileType = sourcecode.swift; path = OnboardingPresenter.swift; sourceTree = "<group>"; };
		55735A4B210B584100E03A6B /* OnboardingViewController.swift */ = {isa = PBXFileReference; lastKnownFileType = sourcecode.swift; path = OnboardingViewController.swift; sourceTree = "<group>"; };
		55735A4C210B584100E03A6B /* OnboardingView.swift */ = {isa = PBXFileReference; lastKnownFileType = sourcecode.swift; path = OnboardingView.swift; sourceTree = "<group>"; };
		55735A4D210B584100E03A6B /* OnboardingViewController.xib */ = {isa = PBXFileReference; lastKnownFileType = file.xib; path = OnboardingViewController.xib; sourceTree = "<group>"; };
		55735A53210B5C8000E03A6B /* CompleteOnboardingUseCase.swift */ = {isa = PBXFileReference; lastKnownFileType = sourcecode.swift; path = CompleteOnboardingUseCase.swift; sourceTree = "<group>"; };
		55735A55210B5CA600E03A6B /* OnboardingActions.swift */ = {isa = PBXFileReference; lastKnownFileType = sourcecode.swift; path = OnboardingActions.swift; sourceTree = "<group>"; };
		55735A57210B5CF500E03A6B /* OnboardingUseCaseFactory.swift */ = {isa = PBXFileReference; lastKnownFileType = sourcecode.swift; path = OnboardingUseCaseFactory.swift; sourceTree = "<group>"; };
		55735A59210F057700E03A6B /* OnboardingState.swift */ = {isa = PBXFileReference; lastKnownFileType = sourcecode.swift; path = OnboardingState.swift; sourceTree = "<group>"; };
		55735A5B210F157F00E03A6B /* DismissableView.swift */ = {isa = PBXFileReference; lastKnownFileType = sourcecode.swift; path = DismissableView.swift; sourceTree = "<group>"; };
		55735A5F210F330B00E03A6B /* ActionDispatcher.swift */ = {isa = PBXFileReference; lastKnownFileType = sourcecode.swift; path = ActionDispatcher.swift; sourceTree = "<group>"; };
		55735A63210F482600E03A6B /* UserDefaults+Extensions.swift */ = {isa = PBXFileReference; lastKnownFileType = sourcecode.swift; path = "UserDefaults+Extensions.swift"; sourceTree = "<group>"; };
		55735A65210F4AE500E03A6B /* UIColor+Extensions.swift */ = {isa = PBXFileReference; lastKnownFileType = sourcecode.swift; path = "UIColor+Extensions.swift"; sourceTree = "<group>"; };
		927301453B7CC72EFBDDCBAF /* Pods_RePlay.framework */ = {isa = PBXFileReference; explicitFileType = wrapper.framework; includeInIndex = 0; path = Pods_RePlay.framework; sourceTree = BUILT_PRODUCTS_DIR; };
		C3D60809805280B453AB5024 /* Pods-RePlay.release.xcconfig */ = {isa = PBXFileReference; includeInIndex = 1; lastKnownFileType = text.xcconfig; name = "Pods-RePlay.release.xcconfig"; path = "Pods/Target Support Files/Pods-RePlay/Pods-RePlay.release.xcconfig"; sourceTree = "<group>"; };
/* End PBXFileReference section */

/* Begin PBXFrameworksBuildPhase section */
		5503A9802109E8E00052DBDD /* Frameworks */ = {
			isa = PBXFrameworksBuildPhase;
			buildActionMask = 2147483647;
			files = (
				A81036D6319E2A8F1BBE23EE /* Pods_RePlay.framework in Frameworks */,
			);
			runOnlyForDeploymentPostprocessing = 0;
		};
/* End PBXFrameworksBuildPhase section */

/* Begin PBXGroup section */
		002E5FEFC3B9789DC2C2BD55 /* Pods */ = {
			isa = PBXGroup;
			children = (
				17C32310A7D4E62F07996182 /* Pods-RePlay.debug.xcconfig */,
				C3D60809805280B453AB5024 /* Pods-RePlay.release.xcconfig */,
			);
			name = Pods;
			sourceTree = "<group>";
		};
		5503A97A2109E8E00052DBDD = {
			isa = PBXGroup;
			children = (
				5503A9852109E8E00052DBDD /* RePlay */,
				5503A9842109E8E00052DBDD /* Products */,
				002E5FEFC3B9789DC2C2BD55 /* Pods */,
				5B2E54546FE1429D78BFAD53 /* Frameworks */,
			);
			sourceTree = "<group>";
		};
		5503A9842109E8E00052DBDD /* Products */ = {
			isa = PBXGroup;
			children = (
				5503A9832109E8E00052DBDD /* RePlay.app */,
			);
			name = Products;
			sourceTree = "<group>";
		};
		5503A9852109E8E00052DBDD /* RePlay */ = {
			isa = PBXGroup;
			children = (
				5503A9862109E8E00052DBDD /* AppDelegate.swift */,
				5503A9922109E8E10052DBDD /* Info.plist */,
				5503A9982109E8EC0052DBDD /* Assets */,
				5503A9A92109EE4A0052DBDD /* Extensions */,
				5503A9A72109EE490052DBDD /* Helpers */,
				5503A99D2109EE490052DBDD /* Core */,
				5503A9A22109EE490052DBDD /* Dependencies */,
				5503A9992109EE490052DBDD /* Data */,
				5503A9AB2109EE4A0052DBDD /* Use Cases */,
				5503A9BA2109EED60052DBDD /* Views */,
			);
			path = RePlay;
			sourceTree = "<group>";
		};
		5503A9982109E8EC0052DBDD /* Assets */ = {
			isa = PBXGroup;
			children = (
				5503A98D2109E8E10052DBDD /* Assets.xcassets */,
				5503A98F2109E8E10052DBDD /* LaunchScreen.storyboard */,
			);
			path = Assets;
			sourceTree = "<group>";
		};
		5503A9992109EE490052DBDD /* Data */ = {
			isa = PBXGroup;
			children = (
				5503A99A2109EE490052DBDD /* Models */,
				5503A99B2109EE490052DBDD /* Remote */,
			);
			path = Data;
			sourceTree = "<group>";
		};
		5503A99A2109EE490052DBDD /* Models */ = {
			isa = PBXGroup;
			children = (
				555FD4F92110A8E5006892E6 /* Character.swift */,
			);
			path = Models;
			sourceTree = "<group>";
		};
		5503A99B2109EE490052DBDD /* Remote */ = {
			isa = PBXGroup;
			children = (
				5503A99C2109EE490052DBDD /* RemoteAPI.swift */,
				555FD4FD2110AABD006892E6 /* Route.swift */,
				555FD4FF2110AABE006892E6 /* Requestable.swift */,
				555FD5052110B318006892E6 /* Response */,
			);
			path = Remote;
			sourceTree = "<group>";
		};
		5503A99D2109EE490052DBDD /* Core */ = {
			isa = PBXGroup;
			children = (
				5503A99E2109EE490052DBDD /* AppState.swift */,
				5503A99F2109EE490052DBDD /* AppReducer.swift */,
				5503A9A02109EE490052DBDD /* States */,
				5503A9A12109EE490052DBDD /* Actions */,
			);
			path = Core;
			sourceTree = "<group>";
		};
		5503A9A02109EE490052DBDD /* States */ = {
			isa = PBXGroup;
			children = (
				55735A32210B100C00E03A6B /* StartUpState.swift */,
				55735A59210F057700E03A6B /* OnboardingState.swift */,
				555FD4F72110A891006892E6 /* CharacterListState.swift */,
				555B4EFF2111FD6B00ED45A5 /* CharacterDetailViewState.swift */,
			);
			path = States;
			sourceTree = "<group>";
		};
		5503A9A12109EE490052DBDD /* Actions */ = {
			isa = PBXGroup;
			children = (
				55735A5F210F330B00E03A6B /* ActionDispatcher.swift */,
				55735A3F210B42AF00E03A6B /* StartUpActions.swift */,
				55735A55210B5CA600E03A6B /* OnboardingActions.swift */,
				555FD5032110AFBA006892E6 /* CharacterListAction.swift */,
				555B4F072112F78700ED45A5 /* CharacterDetailAction.swift */,
			);
			path = Actions;
			sourceTree = "<group>";
		};
		5503A9A22109EE490052DBDD /* Dependencies */ = {
			isa = PBXGroup;
			children = (
				55735A41210B47C400E03A6B /* Containers */,
				5503A9A52109EE490052DBDD /* Use Case Factories */,
				5503A9A62109EE490052DBDD /* View Controller Factories */,
			);
			path = Dependencies;
			sourceTree = "<group>";
		};
		5503A9A52109EE490052DBDD /* Use Case Factories */ = {
			isa = PBXGroup;
			children = (
				55735A38210B3BDD00E03A6B /* StartUpUseCaseFactory.swift */,
				55735A57210B5CF500E03A6B /* OnboardingUseCaseFactory.swift */,
				555FD5082110B65B006892E6 /* LoadCharactersUseCaseFactory.swift */,
				555B4F0521120B6A00ED45A5 /* LoadCharacterDetailsUseCaseFactory.swift */,
			);
			path = "Use Case Factories";
			sourceTree = "<group>";
		};
		5503A9A62109EE490052DBDD /* View Controller Factories */ = {
			isa = PBXGroup;
			children = (
				55735A0E210A16B400E03A6B /* StartUpViewControllerFactory.swift */,
				55735A47210B495C00E03A6B /* OnboardingViewControllerFactory.swift */,
				555FD50A2110B820006892E6 /* CharacterListViewControllerFactory.swift */,
				555B4F012111FE2700ED45A5 /* CharacterDetailViewControllerFactory.swift */,
			);
			path = "View Controller Factories";
			sourceTree = "<group>";
		};
		5503A9A72109EE490052DBDD /* Helpers */ = {
			isa = PBXGroup;
			children = (
				5503A9A82109EE490052DBDD /* RxStoreSubscriber.swift */,
			);
			path = Helpers;
			sourceTree = "<group>";
		};
		5503A9A92109EE4A0052DBDD /* Extensions */ = {
			isa = PBXGroup;
			children = (
				5503A9AA2109EE4A0052DBDD /* Store+Extensions.swift */,
				55735A63210F482600E03A6B /* UserDefaults+Extensions.swift */,
				55735A65210F4AE500E03A6B /* UIColor+Extensions.swift */,
			);
			path = Extensions;
			sourceTree = "<group>";
		};
		5503A9AB2109EE4A0052DBDD /* Use Cases */ = {
			isa = PBXGroup;
			children = (
				5503A9AC2109EE4A0052DBDD /* UseCase.swift */,
				55735A36210B3B8C00E03A6B /* StartUpUseCase.swift */,
				55735A53210B5C8000E03A6B /* CompleteOnboardingUseCase.swift */,
				555FD4FB2110A940006892E6 /* LoadCharactersUseCase.swift */,
				555B4F032112041B00ED45A5 /* LoadCharacterDetailsUseCase.swift */,
			);
			path = "Use Cases";
			sourceTree = "<group>";
		};
		5503A9AD2109EE4A0052DBDD /* Common */ = {
			isa = PBXGroup;
			children = (
				5503A9AF2109EE4A0052DBDD /* Presenter.swift */,
				5503A9AE2109EE4A0052DBDD /* View.swift */,
				55735A3A210B403400E03A6B /* LoaderViewable.swift */,
				55735A5B210F157F00E03A6B /* DismissableView.swift */,
			);
			path = Common;
			sourceTree = "<group>";
		};
		5503A9BA2109EED60052DBDD /* Views */ = {
			isa = PBXGroup;
			children = (
				5503A9AD2109EE4A0052DBDD /* Common */,
				55735A11210B06A900E03A6B /* StartUp */,
				55735A49210B582800E03A6B /* Onboarding */,
				555FD4DB21108860006892E6 /* CharacterList */,
				555B4EFD2111FD4600ED45A5 /* CharacterDetail */,
			);
			path = Views;
			sourceTree = "<group>";
		};
		555B4EFD2111FD4600ED45A5 /* CharacterDetail */ = {
			isa = PBXGroup;
			children = (
				555B4EF52111FD2F00ED45A5 /* CharacterDetailPresenter.swift */,
				555B4EF72111FD2F00ED45A5 /* CharacterDetailView.swift */,
				555B4EFE2111FD5200ED45A5 /* ViewController */,
			);
			path = CharacterDetail;
			sourceTree = "<group>";
		};
		555B4EFE2111FD5200ED45A5 /* ViewController */ = {
			isa = PBXGroup;
			children = (
				555B4EF62111FD2F00ED45A5 /* CharacterDetailViewController.swift */,
				555B4EF82111FD2F00ED45A5 /* CharacterDetailViewController.xib */,
			);
			path = ViewController;
			sourceTree = "<group>";
		};
		555FD4DB21108860006892E6 /* CharacterList */ = {
			isa = PBXGroup;
			children = (
				555FD4DC211088A4006892E6 /* CharacterListPresenter.swift */,
				555FD4DE211088A4006892E6 /* CharacterListView.swift */,
				555FD4E4211088B3006892E6 /* ViewController */,
			);
			path = CharacterList;
			sourceTree = "<group>";
		};
		555FD4E4211088B3006892E6 /* ViewController */ = {
			isa = PBXGroup;
			children = (
				555FD4DD211088A4006892E6 /* CharacterListViewController.swift */,
				555FD4DF211088A4006892E6 /* CharacterListViewController.xib */,
			);
			path = ViewController;
			sourceTree = "<group>";
		};
		555FD4E521108A41006892E6 /* Character */ = {
			isa = PBXGroup;
			children = (
				555FD4E621108A93006892E6 /* CharacterDependencyProvider.swift */,
				555FD4E821108B9F006892E6 /* CharacterDependencyContainer.swift */,
			);
			path = Character;
			sourceTree = "<group>";
		};
		555FD5052110B318006892E6 /* Response */ = {
			isa = PBXGroup;
			children = (
				555FD4FE2110AABE006892E6 /* ResponseMapper.swift */,
				555B4EF32111D36400ED45A5 /* PaginationInfo.swift */,
				555FD5062110B343006892E6 /* CharacterListResponse.swift */,
			);
			path = Response;
			sourceTree = "<group>";
		};
		55735A10210A18FB00E03A6B /* Tab Bar */ = {
			isa = PBXGroup;
			children = (
			);
			path = "Tab Bar";
			sourceTree = "<group>";
		};
		55735A11210B06A900E03A6B /* StartUp */ = {
			isa = PBXGroup;
			children = (
				55735A29210B0E2500E03A6B /* StartUpPresenter.swift */,
				55735A2B210B0E2500E03A6B /* StartUpView.swift */,
				55735A31210B0EB600E03A6B /* ViewController */,
			);
			path = StartUp;
			sourceTree = "<group>";
		};
		55735A31210B0EB600E03A6B /* ViewController */ = {
			isa = PBXGroup;
			children = (
				55735A2A210B0E2500E03A6B /* StartUpViewController.swift */,
				55735A2C210B0E2500E03A6B /* StartUpViewController.xib */,
			);
			path = ViewController;
			sourceTree = "<group>";
		};
		55735A41210B47C400E03A6B /* Containers */ = {
			isa = PBXGroup;
			children = (
				5503A9A42109EE490052DBDD /* DependencyProvider.swift */,
				5503A9A32109EE490052DBDD /* DependencyContainer.swift */,
				55735A42210B47F000E03A6B /* Onboarding */,
				555FD4E521108A41006892E6 /* Character */,
				55735A10210A18FB00E03A6B /* Tab Bar */,
			);
			path = Containers;
			sourceTree = "<group>";
		};
		55735A42210B47F000E03A6B /* Onboarding */ = {
			isa = PBXGroup;
			children = (
				55735A43210B480D00E03A6B /* OnboardingDependencyProvider.swift */,
				55735A45210B481F00E03A6B /* OnboardingDependencyContainer.swift */,
			);
			path = Onboarding;
			sourceTree = "<group>";
		};
		55735A49210B582800E03A6B /* Onboarding */ = {
			isa = PBXGroup;
			children = (
				55735A4A210B584100E03A6B /* OnboardingPresenter.swift */,
				55735A4C210B584100E03A6B /* OnboardingView.swift */,
				55735A52210B587200E03A6B /* ViewController */,
			);
			path = Onboarding;
			sourceTree = "<group>";
		};
		55735A52210B587200E03A6B /* ViewController */ = {
			isa = PBXGroup;
			children = (
				55735A4B210B584100E03A6B /* OnboardingViewController.swift */,
				55735A4D210B584100E03A6B /* OnboardingViewController.xib */,
			);
			path = ViewController;
			sourceTree = "<group>";
		};
		5B2E54546FE1429D78BFAD53 /* Frameworks */ = {
			isa = PBXGroup;
			children = (
				927301453B7CC72EFBDDCBAF /* Pods_RePlay.framework */,
			);
			name = Frameworks;
			sourceTree = "<group>";
		};
/* End PBXGroup section */

/* Begin PBXNativeTarget section */
		5503A9822109E8E00052DBDD /* RePlay */ = {
			isa = PBXNativeTarget;
			buildConfigurationList = 5503A9952109E8E10052DBDD /* Build configuration list for PBXNativeTarget "RePlay" */;
			buildPhases = (
				0A678049386BB84C27C8498F /* [CP] Check Pods Manifest.lock */,
				5503A97F2109E8E00052DBDD /* Sources */,
				5503A9802109E8E00052DBDD /* Frameworks */,
				5503A9812109E8E00052DBDD /* Resources */,
				3F5C08B95A7D8C1C889E367A /* [CP] Embed Pods Frameworks */,
				5503A9BB2109F3640052DBDD /* Swiftlint */,
			);
			buildRules = (
			);
			dependencies = (
			);
			name = RePlay;
			productName = RePlay;
			productReference = 5503A9832109E8E00052DBDD /* RePlay.app */;
			productType = "com.apple.product-type.application";
		};
/* End PBXNativeTarget section */

/* Begin PBXProject section */
		5503A97B2109E8E00052DBDD /* Project object */ = {
			isa = PBXProject;
			attributes = {
				LastSwiftUpdateCheck = 0940;
				LastUpgradeCheck = 0940;
				ORGANIZATIONNAME = Bennet;
				TargetAttributes = {
					5503A9822109E8E00052DBDD = {
						CreatedOnToolsVersion = 9.4.1;
					};
				};
			};
			buildConfigurationList = 5503A97E2109E8E00052DBDD /* Build configuration list for PBXProject "RePlay" */;
			compatibilityVersion = "Xcode 9.3";
			developmentRegion = en;
			hasScannedForEncodings = 0;
			knownRegions = (
				en,
				Base,
			);
			mainGroup = 5503A97A2109E8E00052DBDD;
			productRefGroup = 5503A9842109E8E00052DBDD /* Products */;
			projectDirPath = "";
			projectRoot = "";
			targets = (
				5503A9822109E8E00052DBDD /* RePlay */,
			);
		};
/* End PBXProject section */

/* Begin PBXResourcesBuildPhase section */
		5503A9812109E8E00052DBDD /* Resources */ = {
			isa = PBXResourcesBuildPhase;
			buildActionMask = 2147483647;
			files = (
				555FD4E3211088A4006892E6 /* CharacterListViewController.xib in Resources */,
				5503A9912109E8E10052DBDD /* LaunchScreen.storyboard in Resources */,
				5503A98E2109E8E10052DBDD /* Assets.xcassets in Resources */,
				55735A30210B0E2500E03A6B /* StartUpViewController.xib in Resources */,
				55735A51210B584100E03A6B /* OnboardingViewController.xib in Resources */,
				555B4EFC2111FD2F00ED45A5 /* CharacterDetailViewController.xib in Resources */,
			);
			runOnlyForDeploymentPostprocessing = 0;
		};
/* End PBXResourcesBuildPhase section */

/* Begin PBXShellScriptBuildPhase section */
		0A678049386BB84C27C8498F /* [CP] Check Pods Manifest.lock */ = {
			isa = PBXShellScriptBuildPhase;
			buildActionMask = 2147483647;
			files = (
			);
			inputPaths = (
				"${PODS_PODFILE_DIR_PATH}/Podfile.lock",
				"${PODS_ROOT}/Manifest.lock",
			);
			name = "[CP] Check Pods Manifest.lock";
			outputPaths = (
				"$(DERIVED_FILE_DIR)/Pods-RePlay-checkManifestLockResult.txt",
			);
			runOnlyForDeploymentPostprocessing = 0;
			shellPath = /bin/sh;
			shellScript = "diff \"${PODS_PODFILE_DIR_PATH}/Podfile.lock\" \"${PODS_ROOT}/Manifest.lock\" > /dev/null\nif [ $? != 0 ] ; then\n    # print error to STDERR\n    echo \"error: The sandbox is not in sync with the Podfile.lock. Run 'pod install' or update your CocoaPods installation.\" >&2\n    exit 1\nfi\n# This output is used by Xcode 'outputs' to avoid re-running this script phase.\necho \"SUCCESS\" > \"${SCRIPT_OUTPUT_FILE_0}\"\n";
			showEnvVarsInLog = 0;
		};
		3F5C08B95A7D8C1C889E367A /* [CP] Embed Pods Frameworks */ = {
			isa = PBXShellScriptBuildPhase;
			buildActionMask = 2147483647;
			files = (
			);
			inputPaths = (
				"${SRCROOT}/Pods/Target Support Files/Pods-RePlay/Pods-RePlay-frameworks.sh",
				"${BUILT_PRODUCTS_DIR}/Alamofire/Alamofire.framework",
				"${BUILT_PRODUCTS_DIR}/PromiseKit/PromiseKit.framework",
				"${BUILT_PRODUCTS_DIR}/ReSwift/ReSwift.framework",
				"${BUILT_PRODUCTS_DIR}/Reusable/Reusable.framework",
				"${BUILT_PRODUCTS_DIR}/RxSwift/RxSwift.framework",
				"${BUILT_PRODUCTS_DIR}/SnapKit/SnapKit.framework",
			);
			name = "[CP] Embed Pods Frameworks";
			outputPaths = (
				"${TARGET_BUILD_DIR}/${FRAMEWORKS_FOLDER_PATH}/Alamofire.framework",
				"${TARGET_BUILD_DIR}/${FRAMEWORKS_FOLDER_PATH}/PromiseKit.framework",
				"${TARGET_BUILD_DIR}/${FRAMEWORKS_FOLDER_PATH}/ReSwift.framework",
				"${TARGET_BUILD_DIR}/${FRAMEWORKS_FOLDER_PATH}/Reusable.framework",
				"${TARGET_BUILD_DIR}/${FRAMEWORKS_FOLDER_PATH}/RxSwift.framework",
				"${TARGET_BUILD_DIR}/${FRAMEWORKS_FOLDER_PATH}/SnapKit.framework",
			);
			runOnlyForDeploymentPostprocessing = 0;
			shellPath = /bin/sh;
			shellScript = "\"${SRCROOT}/Pods/Target Support Files/Pods-RePlay/Pods-RePlay-frameworks.sh\"\n";
			showEnvVarsInLog = 0;
		};
		5503A9BB2109F3640052DBDD /* Swiftlint */ = {
			isa = PBXShellScriptBuildPhase;
			buildActionMask = 2147483647;
			files = (
			);
			inputPaths = (
			);
			name = Swiftlint;
			outputPaths = (
			);
			runOnlyForDeploymentPostprocessing = 0;
			shellPath = /bin/sh;
			shellScript = "${PODS_ROOT}/SwiftLint/swiftlint autocorrect\n${PODS_ROOT}/SwiftLint/swiftlint";
			showEnvVarsInLog = 0;
		};
/* End PBXShellScriptBuildPhase section */

/* Begin PBXSourcesBuildPhase section */
		5503A97F2109E8E00052DBDD /* Sources */ = {
			isa = PBXSourcesBuildPhase;
			buildActionMask = 2147483647;
			files = (
				55735A40210B42AF00E03A6B /* StartUpActions.swift in Sources */,
				55735A46210B481F00E03A6B /* OnboardingDependencyContainer.swift in Sources */,
				555FD50B2110B820006892E6 /* CharacterListViewControllerFactory.swift in Sources */,
				5503A9B52109EE4A0052DBDD /* RxStoreSubscriber.swift in Sources */,
				55735A33210B100C00E03A6B /* StartUpState.swift in Sources */,
				555FD4E1211088A4006892E6 /* CharacterListViewController.swift in Sources */,
				55735A54210B5C8000E03A6B /* CompleteOnboardingUseCase.swift in Sources */,
				55735A5C210F157F00E03A6B /* DismissableView.swift in Sources */,
				55735A44210B480D00E03A6B /* OnboardingDependencyProvider.swift in Sources */,
				5503A9B92109EE4A0052DBDD /* Presenter.swift in Sources */,
				5503A9B62109EE4A0052DBDD /* Store+Extensions.swift in Sources */,
				5503A9B82109EE4A0052DBDD /* View.swift in Sources */,
				55735A48210B495C00E03A6B /* OnboardingViewControllerFactory.swift in Sources */,
				555FD5072110B343006892E6 /* CharacterListResponse.swift in Sources */,
				5503A9B12109EE4A0052DBDD /* AppState.swift in Sources */,
				5503A9B32109EE4A0052DBDD /* DependencyContainer.swift in Sources */,
				555B4F082112F78700ED45A5 /* CharacterDetailAction.swift in Sources */,
				555B4F022111FE2700ED45A5 /* CharacterDetailViewControllerFactory.swift in Sources */,
				55735A5A210F057700E03A6B /* OnboardingState.swift in Sources */,
				55735A60210F330B00E03A6B /* ActionDispatcher.swift in Sources */,
				55735A66210F4AE500E03A6B /* UIColor+Extensions.swift in Sources */,
				55735A50210B584100E03A6B /* OnboardingView.swift in Sources */,
				5503A9B02109EE4A0052DBDD /* RemoteAPI.swift in Sources */,
				555B4EFA2111FD2F00ED45A5 /* CharacterDetailViewController.swift in Sources */,
				55735A64210F482600E03A6B /* UserDefaults+Extensions.swift in Sources */,
				55735A56210B5CA600E03A6B /* OnboardingActions.swift in Sources */,
				555B4F0621120B6A00ED45A5 /* LoadCharacterDetailsUseCaseFactory.swift in Sources */,
				555FD4F82110A891006892E6 /* CharacterListState.swift in Sources */,
				555B4F002111FD6B00ED45A5 /* CharacterDetailViewState.swift in Sources */,
				55735A4F210B584100E03A6B /* OnboardingViewController.swift in Sources */,
				555B4EF42111D36400ED45A5 /* PaginationInfo.swift in Sources */,
				555FD5012110AABE006892E6 /* ResponseMapper.swift in Sources */,
				555FD4E0211088A4006892E6 /* CharacterListPresenter.swift in Sources */,
				55735A37210B3B8C00E03A6B /* StartUpUseCase.swift in Sources */,
				555B4F042112041B00ED45A5 /* LoadCharacterDetailsUseCase.swift in Sources */,
				555B4EF92111FD2F00ED45A5 /* CharacterDetailPresenter.swift in Sources */,
				5503A9B42109EE4A0052DBDD /* DependencyProvider.swift in Sources */,
				555FD4E721108A93006892E6 /* CharacterDependencyProvider.swift in Sources */,
				555FD4E921108B9F006892E6 /* CharacterDependencyContainer.swift in Sources */,
				5503A9B72109EE4A0052DBDD /* UseCase.swift in Sources */,
				555FD5022110AABE006892E6 /* Requestable.swift in Sources */,
				555FD5042110AFBA006892E6 /* CharacterListAction.swift in Sources */,
				55735A4E210B584100E03A6B /* OnboardingPresenter.swift in Sources */,
				5503A9B22109EE4A0052DBDD /* AppReducer.swift in Sources */,
				555FD5002110AABE006892E6 /* Route.swift in Sources */,
				555FD4FC2110A940006892E6 /* LoadCharactersUseCase.swift in Sources */,
				555B4EFB2111FD2F00ED45A5 /* CharacterDetailView.swift in Sources */,
				555FD4FA2110A8E5006892E6 /* Character.swift in Sources */,
				555FD5092110B65B006892E6 /* LoadCharactersUseCaseFactory.swift in Sources */,
				55735A2F210B0E2500E03A6B /* StartUpView.swift in Sources */,
				5503A9872109E8E00052DBDD /* AppDelegate.swift in Sources */,
				55735A3B210B403400E03A6B /* LoaderViewable.swift in Sources */,
				55735A2D210B0E2500E03A6B /* StartUpPresenter.swift in Sources */,
				55735A2E210B0E2500E03A6B /* StartUpViewController.swift in Sources */,
				55735A39210B3BDD00E03A6B /* StartUpUseCaseFactory.swift in Sources */,
				555FD4E2211088A4006892E6 /* CharacterListView.swift in Sources */,
				55735A58210B5CF500E03A6B /* OnboardingUseCaseFactory.swift in Sources */,
				55735A0F210A16B400E03A6B /* StartUpViewControllerFactory.swift in Sources */,
			);
			runOnlyForDeploymentPostprocessing = 0;
		};
/* End PBXSourcesBuildPhase section */

/* Begin PBXVariantGroup section */
		5503A98F2109E8E10052DBDD /* LaunchScreen.storyboard */ = {
			isa = PBXVariantGroup;
			children = (
				5503A9902109E8E10052DBDD /* Base */,
			);
			name = LaunchScreen.storyboard;
			sourceTree = "<group>";
		};
/* End PBXVariantGroup section */

/* Begin XCBuildConfiguration section */
		5503A9932109E8E10052DBDD /* Debug */ = {
			isa = XCBuildConfiguration;
			buildSettings = {
				ALWAYS_SEARCH_USER_PATHS = NO;
				CLANG_ANALYZER_NONNULL = YES;
				CLANG_ANALYZER_NUMBER_OBJECT_CONVERSION = YES_AGGRESSIVE;
				CLANG_CXX_LANGUAGE_STANDARD = "gnu++14";
				CLANG_CXX_LIBRARY = "libc++";
				CLANG_ENABLE_MODULES = YES;
				CLANG_ENABLE_OBJC_ARC = YES;
				CLANG_ENABLE_OBJC_WEAK = YES;
				CLANG_WARN_BLOCK_CAPTURE_AUTORELEASING = YES;
				CLANG_WARN_BOOL_CONVERSION = YES;
				CLANG_WARN_COMMA = YES;
				CLANG_WARN_CONSTANT_CONVERSION = YES;
				CLANG_WARN_DEPRECATED_OBJC_IMPLEMENTATIONS = YES;
				CLANG_WARN_DIRECT_OBJC_ISA_USAGE = YES_ERROR;
				CLANG_WARN_DOCUMENTATION_COMMENTS = YES;
				CLANG_WARN_EMPTY_BODY = YES;
				CLANG_WARN_ENUM_CONVERSION = YES;
				CLANG_WARN_INFINITE_RECURSION = YES;
				CLANG_WARN_INT_CONVERSION = YES;
				CLANG_WARN_NON_LITERAL_NULL_CONVERSION = YES;
				CLANG_WARN_OBJC_IMPLICIT_RETAIN_SELF = YES;
				CLANG_WARN_OBJC_LITERAL_CONVERSION = YES;
				CLANG_WARN_OBJC_ROOT_CLASS = YES_ERROR;
				CLANG_WARN_RANGE_LOOP_ANALYSIS = YES;
				CLANG_WARN_STRICT_PROTOTYPES = YES;
				CLANG_WARN_SUSPICIOUS_MOVE = YES;
				CLANG_WARN_UNGUARDED_AVAILABILITY = YES_AGGRESSIVE;
				CLANG_WARN_UNREACHABLE_CODE = YES;
				CLANG_WARN__DUPLICATE_METHOD_MATCH = YES;
				CODE_SIGN_IDENTITY = "iPhone Developer";
				COPY_PHASE_STRIP = NO;
				DEBUG_INFORMATION_FORMAT = dwarf;
				ENABLE_STRICT_OBJC_MSGSEND = YES;
				ENABLE_TESTABILITY = YES;
				GCC_C_LANGUAGE_STANDARD = gnu11;
				GCC_DYNAMIC_NO_PIC = NO;
				GCC_NO_COMMON_BLOCKS = YES;
				GCC_OPTIMIZATION_LEVEL = 0;
				GCC_PREPROCESSOR_DEFINITIONS = (
					"DEBUG=1",
					"$(inherited)",
				);
				GCC_WARN_64_TO_32_BIT_CONVERSION = YES;
				GCC_WARN_ABOUT_RETURN_TYPE = YES_ERROR;
				GCC_WARN_UNDECLARED_SELECTOR = YES;
				GCC_WARN_UNINITIALIZED_AUTOS = YES_AGGRESSIVE;
				GCC_WARN_UNUSED_FUNCTION = YES;
				GCC_WARN_UNUSED_VARIABLE = YES;
				IPHONEOS_DEPLOYMENT_TARGET = 11.4;
				MTL_ENABLE_DEBUG_INFO = YES;
				ONLY_ACTIVE_ARCH = YES;
				SDKROOT = iphoneos;
				SWIFT_ACTIVE_COMPILATION_CONDITIONS = DEBUG;
				SWIFT_OPTIMIZATION_LEVEL = "-Onone";
			};
			name = Debug;
		};
		5503A9942109E8E10052DBDD /* Release */ = {
			isa = XCBuildConfiguration;
			buildSettings = {
				ALWAYS_SEARCH_USER_PATHS = NO;
				CLANG_ANALYZER_NONNULL = YES;
				CLANG_ANALYZER_NUMBER_OBJECT_CONVERSION = YES_AGGRESSIVE;
				CLANG_CXX_LANGUAGE_STANDARD = "gnu++14";
				CLANG_CXX_LIBRARY = "libc++";
				CLANG_ENABLE_MODULES = YES;
				CLANG_ENABLE_OBJC_ARC = YES;
				CLANG_ENABLE_OBJC_WEAK = YES;
				CLANG_WARN_BLOCK_CAPTURE_AUTORELEASING = YES;
				CLANG_WARN_BOOL_CONVERSION = YES;
				CLANG_WARN_COMMA = YES;
				CLANG_WARN_CONSTANT_CONVERSION = YES;
				CLANG_WARN_DEPRECATED_OBJC_IMPLEMENTATIONS = YES;
				CLANG_WARN_DIRECT_OBJC_ISA_USAGE = YES_ERROR;
				CLANG_WARN_DOCUMENTATION_COMMENTS = YES;
				CLANG_WARN_EMPTY_BODY = YES;
				CLANG_WARN_ENUM_CONVERSION = YES;
				CLANG_WARN_INFINITE_RECURSION = YES;
				CLANG_WARN_INT_CONVERSION = YES;
				CLANG_WARN_NON_LITERAL_NULL_CONVERSION = YES;
				CLANG_WARN_OBJC_IMPLICIT_RETAIN_SELF = YES;
				CLANG_WARN_OBJC_LITERAL_CONVERSION = YES;
				CLANG_WARN_OBJC_ROOT_CLASS = YES_ERROR;
				CLANG_WARN_RANGE_LOOP_ANALYSIS = YES;
				CLANG_WARN_STRICT_PROTOTYPES = YES;
				CLANG_WARN_SUSPICIOUS_MOVE = YES;
				CLANG_WARN_UNGUARDED_AVAILABILITY = YES_AGGRESSIVE;
				CLANG_WARN_UNREACHABLE_CODE = YES;
				CLANG_WARN__DUPLICATE_METHOD_MATCH = YES;
				CODE_SIGN_IDENTITY = "iPhone Developer";
				COPY_PHASE_STRIP = NO;
				DEBUG_INFORMATION_FORMAT = "dwarf-with-dsym";
				ENABLE_NS_ASSERTIONS = NO;
				ENABLE_STRICT_OBJC_MSGSEND = YES;
				GCC_C_LANGUAGE_STANDARD = gnu11;
				GCC_NO_COMMON_BLOCKS = YES;
				GCC_WARN_64_TO_32_BIT_CONVERSION = YES;
				GCC_WARN_ABOUT_RETURN_TYPE = YES_ERROR;
				GCC_WARN_UNDECLARED_SELECTOR = YES;
				GCC_WARN_UNINITIALIZED_AUTOS = YES_AGGRESSIVE;
				GCC_WARN_UNUSED_FUNCTION = YES;
				GCC_WARN_UNUSED_VARIABLE = YES;
				IPHONEOS_DEPLOYMENT_TARGET = 11.4;
				MTL_ENABLE_DEBUG_INFO = NO;
				SDKROOT = iphoneos;
				SWIFT_COMPILATION_MODE = wholemodule;
				SWIFT_OPTIMIZATION_LEVEL = "-O";
				VALIDATE_PRODUCT = YES;
			};
			name = Release;
		};
		5503A9962109E8E10052DBDD /* Debug */ = {
			isa = XCBuildConfiguration;
			baseConfigurationReference = 17C32310A7D4E62F07996182 /* Pods-RePlay.debug.xcconfig */;
			buildSettings = {
				ASSETCATALOG_COMPILER_APPICON_NAME = AppIcon;
				CODE_SIGN_STYLE = Automatic;
				DEVELOPMENT_TEAM = DK65XMHQHD;
				INFOPLIST_FILE = RePlay/Info.plist;
				LD_RUNPATH_SEARCH_PATHS = (
					"$(inherited)",
					"@executable_path/Frameworks",
				);
				PRODUCT_BUNDLE_IDENTIFIER = com.bennet.RePlay;
				PRODUCT_NAME = "$(TARGET_NAME)";
				SWIFT_VERSION = 4.0;
				TARGETED_DEVICE_FAMILY = "1,2";
			};
			name = Debug;
		};
		5503A9972109E8E10052DBDD /* Release */ = {
			isa = XCBuildConfiguration;
			baseConfigurationReference = C3D60809805280B453AB5024 /* Pods-RePlay.release.xcconfig */;
			buildSettings = {
				ASSETCATALOG_COMPILER_APPICON_NAME = AppIcon;
				CODE_SIGN_STYLE = Automatic;
				DEVELOPMENT_TEAM = DK65XMHQHD;
				INFOPLIST_FILE = RePlay/Info.plist;
				LD_RUNPATH_SEARCH_PATHS = (
					"$(inherited)",
					"@executable_path/Frameworks",
				);
				PRODUCT_BUNDLE_IDENTIFIER = com.bennet.RePlay;
				PRODUCT_NAME = "$(TARGET_NAME)";
				SWIFT_VERSION = 4.0;
				TARGETED_DEVICE_FAMILY = "1,2";
			};
			name = Release;
		};
/* End XCBuildConfiguration section */

/* Begin XCConfigurationList section */
		5503A97E2109E8E00052DBDD /* Build configuration list for PBXProject "RePlay" */ = {
			isa = XCConfigurationList;
			buildConfigurations = (
				5503A9932109E8E10052DBDD /* Debug */,
				5503A9942109E8E10052DBDD /* Release */,
			);
			defaultConfigurationIsVisible = 0;
			defaultConfigurationName = Release;
		};
		5503A9952109E8E10052DBDD /* Build configuration list for PBXNativeTarget "RePlay" */ = {
			isa = XCConfigurationList;
			buildConfigurations = (
				5503A9962109E8E10052DBDD /* Debug */,
				5503A9972109E8E10052DBDD /* Release */,
			);
			defaultConfigurationIsVisible = 0;
			defaultConfigurationName = Release;
		};
/* End XCConfigurationList section */
	};
	rootObject = 5503A97B2109E8E00052DBDD /* Project object */;
}
